
Microsoft Visual Studio Solution File, Format Version 12.00
# Visual Studio Version 17
VisualStudioVersion = 17.0.31903.59
MinimumVisualStudioVersion = 10.0.40219.1
Project("{2150E333-8FDC-42A3-9474-1A3956D46DE8}") = "src", "src", "{54BE4F2B-D56C-485B-982A-6CCA5A5977DF}"
EndProject
Project("{FAE04EC0-301F-11D3-BF4B-00C04F79EFBC}") = "JsonPipeline", "src\JsonPipeline\JsonPipeline.csproj", "{73B3D6BD-9A86-4B32-B442-DBEA3506C7A2}"
EndProject
Project("{FAE04EC0-301F-11D3-BF4B-00C04F79EFBC}") = "JsonPipeline.Cli", "src\JsonPipeline.Cli\JsonPipeline.Cli.csproj", "{AD6AD866-6D86-4456-8C34-70D0B7918657}"
EndProject
Project("{2150E333-8FDC-42A3-9474-1A3956D46DE8}") = "tests", "tests", "{00B7467E-FD2D-4653-9E1E-416723146D73}"
EndProject
Project("{FAE04EC0-301F-11D3-BF4B-00C04F79EFBC}") = "JsonPipeline.Tests", "tests\JsonPipeline.Tests\JsonPipeline.Tests.csproj", "{CF9204D6-7727-4CBB-ADF2-33BBB661921F}"
EndProject
Global
	GlobalSection(SolutionConfigurationPlatforms) = preSolution
		Debug|Any CPU = Debug|Any CPU
		Release|Any CPU = Release|Any CPU
	EndGlobalSection
	GlobalSection(SolutionProperties) = preSolution
		HideSolutionNode = FALSE
	EndGlobalSection
	GlobalSection(ProjectConfigurationPlatforms) = postSolution
		{73B3D6BD-9A86-4B32-B442-DBEA3506C7A2}.Debug|Any CPU.ActiveCfg = Debug|Any CPU
		{73B3D6BD-9A86-4B32-B442-DBEA3506C7A2}.Debug|Any CPU.Build.0 = Debug|Any CPU
		{73B3D6BD-9A86-4B32-B442-DBEA3506C7A2}.Release|Any CPU.ActiveCfg = Release|Any CPU
		{73B3D6BD-9A86-4B32-B442-DBEA3506C7A2}.Release|Any CPU.Build.0 = Release|Any CPU
		{AD6AD866-6D86-4456-8C34-70D0B7918657}.Debug|Any CPU.ActiveCfg = Debug|Any CPU
		{AD6AD866-6D86-4456-8C34-70D0B7918657}.Debug|Any CPU.Build.0 = Debug|Any CPU
		{AD6AD866-6D86-4456-8C34-70D0B7918657}.Release|Any CPU.ActiveCfg = Release|Any CPU
		{AD6AD866-6D86-4456-8C34-70D0B7918657}.Release|Any CPU.Build.0 = Release|Any CPU
		{CF9204D6-7727-4CBB-ADF2-33BBB661921F}.Debug|Any CPU.ActiveCfg = Debug|Any CPU
		{CF9204D6-7727-4CBB-ADF2-33BBB661921F}.Debug|Any CPU.Build.0 = Debug|Any CPU
		{CF9204D6-7727-4CBB-ADF2-33BBB661921F}.Release|Any CPU.ActiveCfg = Release|Any CPU
		{CF9204D6-7727-4CBB-ADF2-33BBB661921F}.Release|Any CPU.Build.0 = Release|Any CPU
	EndGlobalSection
	GlobalSection(NestedProjects) = preSolution
		{73B3D6BD-9A86-4B32-B442-DBEA3506C7A2} = {54BE4F2B-D56C-485B-982A-6CCA5A5977DF}
		{AD6AD866-6D86-4456-8C34-70D0B7918657} = {54BE4F2B-D56C-485B-982A-6CCA5A5977DF}
		{CF9204D6-7727-4CBB-ADF2-33BBB661921F} = {00B7467E-FD2D-4653-9E1E-416723146D73}
	EndGlobalSection
EndGlobal
